
Microsoft Visual Studio Solution File, Format Version 12.00
# Visual Studio Version 17
VisualStudioVersion = 17.3.32901.215
MinimumVisualStudioVersion = 10.0.40219.1
Project("{9A19103F-16F7-4668-BE54-9A1E7A4F7556}") = "MVC_apple_store", "MVC_apple_store\MVC_apple_store.csproj", "{02C772F5-C91F-44C8-97A3-0BF84DDDCC20}"
EndProject
Project("{9A19103F-16F7-4668-BE54-9A1E7A4F7556}") = "Infrastructure", "Infrastructure\Infrastructure.csproj", "{43BC64D0-366E-42FD-B1DA-FE9203DEAE03}"
EndProject
Project("{9A19103F-16F7-4668-BE54-9A1E7A4F7556}") = "Core", "Core\Core.csproj", "{8BF05785-E6DB-473D-A661-0151B71E7008}"
EndProject
Global
	GlobalSection(SolutionConfigurationPlatforms) = preSolution
		Debug|Any CPU = Debug|Any CPU
		Release|Any CPU = Release|Any CPU
	EndGlobalSection
	GlobalSection(ProjectConfigurationPlatforms) = postSolution
		{02C772F5-C91F-44C8-97A3-0BF84DDDCC20}.Debug|Any CPU.ActiveCfg = Debug|Any CPU
		{02C772F5-C91F-44C8-97A3-0BF84DDDCC20}.Debug|Any CPU.Build.0 = Debug|Any CPU
		{02C772F5-C91F-44C8-97A3-0BF84DDDCC20}.Release|Any CPU.ActiveCfg = Release|Any CPU
		{02C772F5-C91F-44C8-97A3-0BF84DDDCC20}.Release|Any CPU.Build.0 = Release|Any CPU
		{43BC64D0-366E-42FD-B1DA-FE9203DEAE03}.Debug|Any CPU.ActiveCfg = Debug|Any CPU
		{43BC64D0-366E-42FD-B1DA-FE9203DEAE03}.Debug|Any CPU.Build.0 = Debug|Any CPU
		{43BC64D0-366E-42FD-B1DA-FE9203DEAE03}.Release|Any CPU.ActiveCfg = Release|Any CPU
		{43BC64D0-366E-42FD-B1DA-FE9203DEAE03}.Release|Any CPU.Build.0 = Release|Any CPU
		{8BF05785-E6DB-473D-A661-0151B71E7008}.Debug|Any CPU.ActiveCfg = Debug|Any CPU
		{8BF05785-E6DB-473D-A661-0151B71E7008}.Debug|Any CPU.Build.0 = Debug|Any CPU
		{8BF05785-E6DB-473D-A661-0151B71E7008}.Release|Any CPU.ActiveCfg = Release|Any CPU
		{8BF05785-E6DB-473D-A661-0151B71E7008}.Release|Any CPU.Build.0 = Release|Any CPU
	EndGlobalSection
	GlobalSection(SolutionProperties) = preSolution
		HideSolutionNode = FALSE
	EndGlobalSection
	GlobalSection(ExtensibilityGlobals) = postSolution
		SolutionGuid = {217D0B82-D1F6-4E66-86D7-BEA65826F1EB}
	EndGlobalSection
EndGlobal
